// !$*UTF8*$!
{
	archiveVersion = 1;
	classes = {
	};
	objectVersion = 50;
	objects = {

/* Begin PBXBuildFile section */
		2F7BEC86231389620005B06C /* AppDelegate.swift in Sources */ = {isa = PBXBuildFile; fileRef = 2F7BEC85231389620005B06C /* AppDelegate.swift */; };
		2F7BEC88231389620005B06C /* ViewController.swift in Sources */ = {isa = PBXBuildFile; fileRef = 2F7BEC87231389620005B06C /* ViewController.swift */; };
		2F7BEC8B231389620005B06C /* Main.storyboard in Resources */ = {isa = PBXBuildFile; fileRef = 2F7BEC89231389620005B06C /* Main.storyboard */; };
		2F7BEC8D231389630005B06C /* Assets.xcassets in Resources */ = {isa = PBXBuildFile; fileRef = 2F7BEC8C231389630005B06C /* Assets.xcassets */; };
		2F7BEC90231389630005B06C /* LaunchScreen.storyboard in Resources */ = {isa = PBXBuildFile; fileRef = 2F7BEC8E231389630005B06C /* LaunchScreen.storyboard */; };
		2F7BEC9B231389630005B06C /* VMTGalleryFrameworkDemoTests.swift in Sources */ = {isa = PBXBuildFile; fileRef = 2F7BEC9A231389630005B06C /* VMTGalleryFrameworkDemoTests.swift */; };
		2F7BECA6231389630005B06C /* VMTGalleryFrameworkDemoUITests.swift in Sources */ = {isa = PBXBuildFile; fileRef = 2F7BECA5231389630005B06C /* VMTGalleryFrameworkDemoUITests.swift */; };
		2F7BECB4231389EF0005B06C /* VMTGalleryFramework.framework in Frameworks */ = {isa = PBXBuildFile; fileRef = 2F7BECB3231389EF0005B06C /* VMTGalleryFramework.framework */; };
		2F7BECB5231389F80005B06C /* VMTGalleryFramework.framework in Frameworks */ = {isa = PBXBuildFile; fileRef = 2F7BECB3231389EF0005B06C /* VMTGalleryFramework.framework */; };
		2F7BECB6231389F80005B06C /* VMTGalleryFramework.framework in Embed Frameworks */ = {isa = PBXBuildFile; fileRef = 2F7BECB3231389EF0005B06C /* VMTGalleryFramework.framework */; settings = {ATTRIBUTES = (CodeSignOnCopy, RemoveHeadersOnCopy, ); }; };
/* End PBXBuildFile section */

/* Begin PBXContainerItemProxy section */
		2F7BEC97231389630005B06C /* PBXContainerItemProxy */ = {
			isa = PBXContainerItemProxy;
			containerPortal = 2F7BEC7A231389620005B06C /* Project object */;
			proxyType = 1;
			remoteGlobalIDString = 2F7BEC81231389620005B06C;
			remoteInfo = VMTGalleryFrameworkDemo;
		};
		2F7BECA2231389630005B06C /* PBXContainerItemProxy */ = {
			isa = PBXContainerItemProxy;
			containerPortal = 2F7BEC7A231389620005B06C /* Project object */;
			proxyType = 1;
			remoteGlobalIDString = 2F7BEC81231389620005B06C;
			remoteInfo = VMTGalleryFrameworkDemo;
		};
/* End PBXContainerItemProxy section */

/* Begin PBXCopyFilesBuildPhase section */
		2F7BECB7231389F80005B06C /* Embed Frameworks */ = {
			isa = PBXCopyFilesBuildPhase;
			buildActionMask = 2147483647;
			dstPath = "";
			dstSubfolderSpec = 10;
			files = (
				2F7BECB6231389F80005B06C /* VMTGalleryFramework.framework in Embed Frameworks */,
			);
			name = "Embed Frameworks";
			runOnlyForDeploymentPostprocessing = 0;
		};
/* End PBXCopyFilesBuildPhase section */

/* Begin PBXFileReference section */
		2F7BEC82231389620005B06C /* VMTGalleryFrameworkDemo.app */ = {isa = PBXFileReference; explicitFileType = wrapper.application; includeInIndex = 0; path = VMTGalleryFrameworkDemo.app; sourceTree = BUILT_PRODUCTS_DIR; };
		2F7BEC85231389620005B06C /* AppDelegate.swift */ = {isa = PBXFileReference; lastKnownFileType = sourcecode.swift; path = AppDelegate.swift; sourceTree = "<group>"; };
		2F7BEC87231389620005B06C /* ViewController.swift */ = {isa = PBXFileReference; lastKnownFileType = sourcecode.swift; path = ViewController.swift; sourceTree = "<group>"; };
		2F7BEC8A231389620005B06C /* Base */ = {isa = PBXFileReference; lastKnownFileType = file.storyboard; name = Base; path = Base.lproj/Main.storyboard; sourceTree = "<group>"; };
		2F7BEC8C231389630005B06C /* Assets.xcassets */ = {isa = PBXFileReference; lastKnownFileType = folder.assetcatalog; path = Assets.xcassets; sourceTree = "<group>"; };
		2F7BEC8F231389630005B06C /* Base */ = {isa = PBXFileReference; lastKnownFileType = file.storyboard; name = Base; path = Base.lproj/LaunchScreen.storyboard; sourceTree = "<group>"; };
		2F7BEC91231389630005B06C /* Info.plist */ = {isa = PBXFileReference; lastKnownFileType = text.plist.xml; path = Info.plist; sourceTree = "<group>"; };
		2F7BEC96231389630005B06C /* VMTGalleryFrameworkDemoTests.xctest */ = {isa = PBXFileReference; explicitFileType = wrapper.cfbundle; includeInIndex = 0; path = VMTGalleryFrameworkDemoTests.xctest; sourceTree = BUILT_PRODUCTS_DIR; };
		2F7BEC9A231389630005B06C /* VMTGalleryFrameworkDemoTests.swift */ = {isa = PBXFileReference; lastKnownFileType = sourcecode.swift; path = VMTGalleryFrameworkDemoTests.swift; sourceTree = "<group>"; };
		2F7BEC9C231389630005B06C /* Info.plist */ = {isa = PBXFileReference; lastKnownFileType = text.plist.xml; path = Info.plist; sourceTree = "<group>"; };
		2F7BECA1231389630005B06C /* VMTGalleryFrameworkDemoUITests.xctest */ = {isa = PBXFileReference; explicitFileType = wrapper.cfbundle; includeInIndex = 0; path = VMTGalleryFrameworkDemoUITests.xctest; sourceTree = BUILT_PRODUCTS_DIR; };
		2F7BECA5231389630005B06C /* VMTGalleryFrameworkDemoUITests.swift */ = {isa = PBXFileReference; lastKnownFileType = sourcecode.swift; path = VMTGalleryFrameworkDemoUITests.swift; sourceTree = "<group>"; };
		2F7BECA7231389630005B06C /* Info.plist */ = {isa = PBXFileReference; lastKnownFileType = text.plist.xml; path = Info.plist; sourceTree = "<group>"; };
		2F7BECB3231389EF0005B06C /* VMTGalleryFramework.framework */ = {isa = PBXFileReference; lastKnownFileType = wrapper.framework; path = VMTGalleryFramework.framework; sourceTree = "<group>"; };
/* End PBXFileReference section */

/* Begin PBXFrameworksBuildPhase section */
		2F7BEC7F231389620005B06C /* Frameworks */ = {
			isa = PBXFrameworksBuildPhase;
			buildActionMask = 2147483647;
			files = (
				2F7BECB5231389F80005B06C /* VMTGalleryFramework.framework in Frameworks */,
				2F7BECB4231389EF0005B06C /* VMTGalleryFramework.framework in Frameworks */,
			);
			runOnlyForDeploymentPostprocessing = 0;
		};
		2F7BEC93231389630005B06C /* Frameworks */ = {
			isa = PBXFrameworksBuildPhase;
			buildActionMask = 2147483647;
			files = (
			);
			runOnlyForDeploymentPostprocessing = 0;
		};
		2F7BEC9E231389630005B06C /* Frameworks */ = {
			isa = PBXFrameworksBuildPhase;
			buildActionMask = 2147483647;
			files = (
			);
			runOnlyForDeploymentPostprocessing = 0;
		};
/* End PBXFrameworksBuildPhase section */

/* Begin PBXGroup section */
		2F7BEC79231389620005B06C = {
			isa = PBXGroup;
			children = (
				2F7BEC84231389620005B06C /* VMTGalleryFrameworkDemo */,
				2F7BEC99231389630005B06C /* VMTGalleryFrameworkDemoTests */,
				2F7BECA4231389630005B06C /* VMTGalleryFrameworkDemoUITests */,
				2F7BEC83231389620005B06C /* Products */,
			);
			sourceTree = "<group>";
		};
		2F7BEC83231389620005B06C /* Products */ = {
			isa = PBXGroup;
			children = (
				2F7BEC82231389620005B06C /* VMTGalleryFrameworkDemo.app */,
				2F7BEC96231389630005B06C /* VMTGalleryFrameworkDemoTests.xctest */,
				2F7BECA1231389630005B06C /* VMTGalleryFrameworkDemoUITests.xctest */,
			);
			name = Products;
			sourceTree = "<group>";
		};
		2F7BEC84231389620005B06C /* VMTGalleryFrameworkDemo */ = {
			isa = PBXGroup;
			children = (
				2F7BECB3231389EF0005B06C /* VMTGalleryFramework.framework */,
				2F7BEC85231389620005B06C /* AppDelegate.swift */,
				2F7BEC87231389620005B06C /* ViewController.swift */,
				2F7BEC89231389620005B06C /* Main.storyboard */,
				2F7BEC8C231389630005B06C /* Assets.xcassets */,
				2F7BEC8E231389630005B06C /* LaunchScreen.storyboard */,
				2F7BEC91231389630005B06C /* Info.plist */,
			);
			path = VMTGalleryFrameworkDemo;
			sourceTree = "<group>";
		};
		2F7BEC99231389630005B06C /* VMTGalleryFrameworkDemoTests */ = {
			isa = PBXGroup;
			children = (
				2F7BEC9A231389630005B06C /* VMTGalleryFrameworkDemoTests.swift */,
				2F7BEC9C231389630005B06C /* Info.plist */,
			);
			path = VMTGalleryFrameworkDemoTests;
			sourceTree = "<group>";
		};
		2F7BECA4231389630005B06C /* VMTGalleryFrameworkDemoUITests */ = {
			isa = PBXGroup;
			children = (
				2F7BECA5231389630005B06C /* VMTGalleryFrameworkDemoUITests.swift */,
				2F7BECA7231389630005B06C /* Info.plist */,
			);
			path = VMTGalleryFrameworkDemoUITests;
			sourceTree = "<group>";
		};
/* End PBXGroup section */

/* Begin PBXNativeTarget section */
		2F7BEC81231389620005B06C /* VMTGalleryFrameworkDemo */ = {
			isa = PBXNativeTarget;
			buildConfigurationList = 2F7BECAA231389630005B06C /* Build configuration list for PBXNativeTarget "VMTGalleryFrameworkDemo" */;
			buildPhases = (
				2F7BEC7E231389620005B06C /* Sources */,
				2F7BEC7F231389620005B06C /* Frameworks */,
				2F7BEC80231389620005B06C /* Resources */,
				2F7BECB7231389F80005B06C /* Embed Frameworks */,
			);
			buildRules = (
			);
			dependencies = (
			);
			name = VMTGalleryFrameworkDemo;
			productName = VMTGalleryFrameworkDemo;
			productReference = 2F7BEC82231389620005B06C /* VMTGalleryFrameworkDemo.app */;
			productType = "com.apple.product-type.application";
		};
		2F7BEC95231389630005B06C /* VMTGalleryFrameworkDemoTests */ = {
			isa = PBXNativeTarget;
			buildConfigurationList = 2F7BECAD231389630005B06C /* Build configuration list for PBXNativeTarget "VMTGalleryFrameworkDemoTests" */;
			buildPhases = (
				2F7BEC92231389630005B06C /* Sources */,
				2F7BEC93231389630005B06C /* Frameworks */,
				2F7BEC94231389630005B06C /* Resources */,
			);
			buildRules = (
			);
			dependencies = (
				2F7BEC98231389630005B06C /* PBXTargetDependency */,
			);
			name = VMTGalleryFrameworkDemoTests;
			productName = VMTGalleryFrameworkDemoTests;
			productReference = 2F7BEC96231389630005B06C /* VMTGalleryFrameworkDemoTests.xctest */;
			productType = "com.apple.product-type.bundle.unit-test";
		};
		2F7BECA0231389630005B06C /* VMTGalleryFrameworkDemoUITests */ = {
			isa = PBXNativeTarget;
			buildConfigurationList = 2F7BECB0231389630005B06C /* Build configuration list for PBXNativeTarget "VMTGalleryFrameworkDemoUITests" */;
			buildPhases = (
				2F7BEC9D231389630005B06C /* Sources */,
				2F7BEC9E231389630005B06C /* Frameworks */,
				2F7BEC9F231389630005B06C /* Resources */,
			);
			buildRules = (
			);
			dependencies = (
				2F7BECA3231389630005B06C /* PBXTargetDependency */,
			);
			name = VMTGalleryFrameworkDemoUITests;
			productName = VMTGalleryFrameworkDemoUITests;
			productReference = 2F7BECA1231389630005B06C /* VMTGalleryFrameworkDemoUITests.xctest */;
			productType = "com.apple.product-type.bundle.ui-testing";
		};
/* End PBXNativeTarget section */

/* Begin PBXProject section */
		2F7BEC7A231389620005B06C /* Project object */ = {
			isa = PBXProject;
			attributes = {
				LastSwiftUpdateCheck = 1020;
				LastUpgradeCheck = 1020;
				ORGANIZATIONNAME = "Trinh Vo Mai";
				TargetAttributes = {
					2F7BEC81231389620005B06C = {
						CreatedOnToolsVersion = 10.2.1;
					};
					2F7BEC95231389630005B06C = {
						CreatedOnToolsVersion = 10.2.1;
						TestTargetID = 2F7BEC81231389620005B06C;
					};
					2F7BECA0231389630005B06C = {
						CreatedOnToolsVersion = 10.2.1;
						TestTargetID = 2F7BEC81231389620005B06C;
					};
				};
			};
			buildConfigurationList = 2F7BEC7D231389620005B06C /* Build configuration list for PBXProject "VMTGalleryFrameworkDemo" */;
			compatibilityVersion = "Xcode 9.3";
			developmentRegion = en;
			hasScannedForEncodings = 0;
			knownRegions = (
				en,
				Base,
			);
			mainGroup = 2F7BEC79231389620005B06C;
			productRefGroup = 2F7BEC83231389620005B06C /* Products */;
			projectDirPath = "";
			projectRoot = "";
			targets = (
				2F7BEC81231389620005B06C /* VMTGalleryFrameworkDemo */,
				2F7BEC95231389630005B06C /* VMTGalleryFrameworkDemoTests */,
				2F7BECA0231389630005B06C /* VMTGalleryFrameworkDemoUITests */,
			);
		};
/* End PBXProject section */

/* Begin PBXResourcesBuildPhase section */
		2F7BEC80231389620005B06C /* Resources */ = {
			isa = PBXResourcesBuildPhase;
			buildActionMask = 2147483647;
			files = (
				2F7BEC90231389630005B06C /* LaunchScreen.storyboard in Resources */,
				2F7BEC8D231389630005B06C /* Assets.xcassets in Resources */,
				2F7BEC8B231389620005B06C /* Main.storyboard in Resources */,
			);
			runOnlyForDeploymentPostprocessing = 0;
		};
		2F7BEC94231389630005B06C /* Resources */ = {
			isa = PBXResourcesBuildPhase;
			buildActionMask = 2147483647;
			files = (
			);
			runOnlyForDeploymentPostprocessing = 0;
		};
		2F7BEC9F231389630005B06C /* Resources */ = {
			isa = PBXResourcesBuildPhase;
			buildActionMask = 2147483647;
			files = (
			);
			runOnlyForDeploymentPostprocessing = 0;
		};
/* End PBXResourcesBuildPhase section */

/* Begin PBXSourcesBuildPhase section */
		2F7BEC7E231389620005B06C /* Sources */ = {
			isa = PBXSourcesBuildPhase;
			buildActionMask = 2147483647;
			files = (
				2F7BEC88231389620005B06C /* ViewController.swift in Sources */,
				2F7BEC86231389620005B06C /* AppDelegate.swift in Sources */,
			);
			runOnlyForDeploymentPostprocessing = 0;
		};
		2F7BEC92231389630005B06C /* Sources */ = {
			isa = PBXSourcesBuildPhase;
			buildActionMask = 2147483647;
			files = (
				2F7BEC9B231389630005B06C /* VMTGalleryFrameworkDemoTests.swift in Sources */,
			);
			runOnlyForDeploymentPostprocessing = 0;
		};
		2F7BEC9D231389630005B06C /* Sources */ = {
			isa = PBXSourcesBuildPhase;
			buildActionMask = 2147483647;
			files = (
				2F7BECA6231389630005B06C /* VMTGalleryFrameworkDemoUITests.swift in Sources */,
			);
			runOnlyForDeploymentPostprocessing = 0;
		};
/* End PBXSourcesBuildPhase section */

/* Begin PBXTargetDependency section */
		2F7BEC98231389630005B06C /* PBXTargetDependency */ = {
			isa = PBXTargetDependency;
			target = 2F7BEC81231389620005B06C /* VMTGalleryFrameworkDemo */;
			targetProxy = 2F7BEC97231389630005B06C /* PBXContainerItemProxy */;
		};
		2F7BECA3231389630005B06C /* PBXTargetDependency */ = {
			isa = PBXTargetDependency;
			target = 2F7BEC81231389620005B06C /* VMTGalleryFrameworkDemo */;
			targetProxy = 2F7BECA2231389630005B06C /* PBXContainerItemProxy */;
		};
/* End PBXTargetDependency section */

/* Begin PBXVariantGroup section */
		2F7BEC89231389620005B06C /* Main.storyboard */ = {
			isa = PBXVariantGroup;
			children = (
				2F7BEC8A231389620005B06C /* Base */,
			);
			name = Main.storyboard;
			sourceTree = "<group>";
		};
		2F7BEC8E231389630005B06C /* LaunchScreen.storyboard */ = {
			isa = PBXVariantGroup;
			children = (
				2F7BEC8F231389630005B06C /* Base */,
			);
			name = LaunchScreen.storyboard;
			sourceTree = "<group>";
		};
/* End PBXVariantGroup section */

/* Begin XCBuildConfiguration section */
		2F7BECA8231389630005B06C /* Debug */ = {
			isa = XCBuildConfiguration;
			buildSettings = {
				ALWAYS_SEARCH_USER_PATHS = NO;
				CLANG_ANALYZER_NONNULL = YES;
				CLANG_ANALYZER_NUMBER_OBJECT_CONVERSION = YES_AGGRESSIVE;
				CLANG_CXX_LANGUAGE_STANDARD = "gnu++14";
				CLANG_CXX_LIBRARY = "libc++";
				CLANG_ENABLE_MODULES = YES;
				CLANG_ENABLE_OBJC_ARC = YES;
				CLANG_ENABLE_OBJC_WEAK = YES;
				CLANG_WARN_BLOCK_CAPTURE_AUTORELEASING = YES;
				CLANG_WARN_BOOL_CONVERSION = YES;
				CLANG_WARN_COMMA = YES;
				CLANG_WARN_CONSTANT_CONVERSION = YES;
				CLANG_WARN_DEPRECATED_OBJC_IMPLEMENTATIONS = YES;
				CLANG_WARN_DIRECT_OBJC_ISA_USAGE = YES_ERROR;
				CLANG_WARN_DOCUMENTATION_COMMENTS = YES;
				CLANG_WARN_EMPTY_BODY = YES;
				CLANG_WARN_ENUM_CONVERSION = YES;
				CLANG_WARN_INFINITE_RECURSION = YES;
				CLANG_WARN_INT_CONVERSION = YES;
				CLANG_WARN_NON_LITERAL_NULL_CONVERSION = YES;
				CLANG_WARN_OBJC_IMPLICIT_RETAIN_SELF = YES;
				CLANG_WARN_OBJC_LITERAL_CONVERSION = YES;
				CLANG_WARN_OBJC_ROOT_CLASS = YES_ERROR;
				CLANG_WARN_RANGE_LOOP_ANALYSIS = YES;
				CLANG_WARN_STRICT_PROTOTYPES = YES;
				CLANG_WARN_SUSPICIOUS_MOVE = YES;
				CLANG_WARN_UNGUARDED_AVAILABILITY = YES_AGGRESSIVE;
				CLANG_WARN_UNREACHABLE_CODE = YES;
				CLANG_WARN__DUPLICATE_METHOD_MATCH = YES;
				CODE_SIGN_IDENTITY = "iPhone Developer";
				COPY_PHASE_STRIP = NO;
				DEBUG_INFORMATION_FORMAT = dwarf;
				ENABLE_STRICT_OBJC_MSGSEND = YES;
				ENABLE_TESTABILITY = YES;
				GCC_C_LANGUAGE_STANDARD = gnu11;
				GCC_DYNAMIC_NO_PIC = NO;
				GCC_NO_COMMON_BLOCKS = YES;
				GCC_OPTIMIZATION_LEVEL = 0;
				GCC_PREPROCESSOR_DEFINITIONS = (
					"DEBUG=1",
					"$(inherited)",
				);
				GCC_WARN_64_TO_32_BIT_CONVERSION = YES;
				GCC_WARN_ABOUT_RETURN_TYPE = YES_ERROR;
				GCC_WARN_UNDECLARED_SELECTOR = YES;
				GCC_WARN_UNINITIALIZED_AUTOS = YES_AGGRESSIVE;
				GCC_WARN_UNUSED_FUNCTION = YES;
				GCC_WARN_UNUSED_VARIABLE = YES;
				IPHONEOS_DEPLOYMENT_TARGET = 12.2;
				MTL_ENABLE_DEBUG_INFO = INCLUDE_SOURCE;
				MTL_FAST_MATH = YES;
				ONLY_ACTIVE_ARCH = YES;
				SDKROOT = iphoneos;
				SWIFT_ACTIVE_COMPILATION_CONDITIONS = DEBUG;
				SWIFT_OPTIMIZATION_LEVEL = "-Onone";
			};
			name = Debug;
		};
		2F7BECA9231389630005B06C /* Release */ = {
			isa = XCBuildConfiguration;
			buildSettings = {
				ALWAYS_SEARCH_USER_PATHS = NO;
				CLANG_ANALYZER_NONNULL = YES;
				CLANG_ANALYZER_NUMBER_OBJECT_CONVERSION = YES_AGGRESSIVE;
				CLANG_CXX_LANGUAGE_STANDARD = "gnu++14";
				CLANG_CXX_LIBRARY = "libc++";
				CLANG_ENABLE_MODULES = YES;
				CLANG_ENABLE_OBJC_ARC = YES;
				CLANG_ENABLE_OBJC_WEAK = YES;
				CLANG_WARN_BLOCK_CAPTURE_AUTORELEASING = YES;
				CLANG_WARN_BOOL_CONVERSION = YES;
				CLANG_WARN_COMMA = YES;
				CLANG_WARN_CONSTANT_CONVERSION = YES;
				CLANG_WARN_DEPRECATED_OBJC_IMPLEMENTATIONS = YES;
				CLANG_WARN_DIRECT_OBJC_ISA_USAGE = YES_ERROR;
				CLANG_WARN_DOCUMENTATION_COMMENTS = YES;
				CLANG_WARN_EMPTY_BODY = YES;
				CLANG_WARN_ENUM_CONVERSION = YES;
				CLANG_WARN_INFINITE_RECURSION = YES;
				CLANG_WARN_INT_CONVERSION = YES;
				CLANG_WARN_NON_LITERAL_NULL_CONVERSION = YES;
				CLANG_WARN_OBJC_IMPLICIT_RETAIN_SELF = YES;
				CLANG_WARN_OBJC_LITERAL_CONVERSION = YES;
				CLANG_WARN_OBJC_ROOT_CLASS = YES_ERROR;
				CLANG_WARN_RANGE_LOOP_ANALYSIS = YES;
				CLANG_WARN_STRICT_PROTOTYPES = YES;
				CLANG_WARN_SUSPICIOUS_MOVE = YES;
				CLANG_WARN_UNGUARDED_AVAILABILITY = YES_AGGRESSIVE;
				CLANG_WARN_UNREACHABLE_CODE = YES;
				CLANG_WARN__DUPLICATE_METHOD_MATCH = YES;
				CODE_SIGN_IDENTITY = "iPhone Developer";
				COPY_PHASE_STRIP = NO;
				DEBUG_INFORMATION_FORMAT = "dwarf-with-dsym";
				ENABLE_NS_ASSERTIONS = NO;
				ENABLE_STRICT_OBJC_MSGSEND = YES;
				GCC_C_LANGUAGE_STANDARD = gnu11;
				GCC_NO_COMMON_BLOCKS = YES;
				GCC_WARN_64_TO_32_BIT_CONVERSION = YES;
				GCC_WARN_ABOUT_RETURN_TYPE = YES_ERROR;
				GCC_WARN_UNDECLARED_SELECTOR = YES;
				GCC_WARN_UNINITIALIZED_AUTOS = YES_AGGRESSIVE;
				GCC_WARN_UNUSED_FUNCTION = YES;
				GCC_WARN_UNUSED_VARIABLE = YES;
				IPHONEOS_DEPLOYMENT_TARGET = 12.2;
				MTL_ENABLE_DEBUG_INFO = NO;
				MTL_FAST_MATH = YES;
				SDKROOT = iphoneos;
				SWIFT_COMPILATION_MODE = wholemodule;
				SWIFT_OPTIMIZATION_LEVEL = "-O";
				VALIDATE_PRODUCT = YES;
			};
			name = Release;
		};
		2F7BECAB231389630005B06C /* Debug */ = {
			isa = XCBuildConfiguration;
			buildSettings = {
				ASSETCATALOG_COMPILER_APPICON_NAME = AppIcon;
				CODE_SIGN_STYLE = Automatic;
				DEVELOPMENT_TEAM = 5JS3DMX98X;
				FRAMEWORK_SEARCH_PATHS = (
					"$(inherited)",
					"$(PROJECT_DIR)/VMTGalleryFrameworkDemo",
				);
				INFOPLIST_FILE = VMTGalleryFrameworkDemo/Info.plist;
				IPHONEOS_DEPLOYMENT_TARGET = 10.0;
				LD_RUNPATH_SEARCH_PATHS = (
					"$(inherited)",
					"@executable_path/Frameworks",
				);
				PRODUCT_BUNDLE_IDENTIFIER = com.trinhvm.VMTGalleryFrameworkDemo;
				PRODUCT_NAME = "$(TARGET_NAME)";
				SWIFT_VERSION = 5.0;
				TARGETED_DEVICE_FAMILY = "1,2";
			};
			name = Debug;
		};
		2F7BECAC231389630005B06C /* Release */ = {
			isa = XCBuildConfiguration;
			buildSettings = {
				ASSETCATALOG_COMPILER_APPICON_NAME = AppIcon;
				CODE_SIGN_STYLE = Automatic;
				DEVELOPMENT_TEAM = 5JS3DMX98X;
				FRAMEWORK_SEARCH_PATHS = (
					"$(inherited)",
					"$(PROJECT_DIR)/VMTGalleryFrameworkDemo",
				);
				INFOPLIST_FILE = VMTGalleryFrameworkDemo/Info.plist;
				IPHONEOS_DEPLOYMENT_TARGET = 10.0;
				LD_RUNPATH_SEARCH_PATHS = (
					"$(inherited)",
					"@executable_path/Frameworks",
				);
				PRODUCT_BUNDLE_IDENTIFIER = com.trinhvm.VMTGalleryFrameworkDemo;
				PRODUCT_NAME = "$(TARGET_NAME)";
				SWIFT_VERSION = 5.0;
				TARGETED_DEVICE_FAMILY = "1,2";
			};
			name = Release;
		};
		2F7BECAE231389630005B06C /* Debug */ = {
			isa = XCBuildConfiguration;
			buildSettings = {
				ALWAYS_EMBED_SWIFT_STANDARD_LIBRARIES = YES;
				BUNDLE_LOADER = "$(TEST_HOST)";
				CODE_SIGN_STYLE = Automatic;
				DEVELOPMENT_TEAM = 5JS3DMX98X;
				INFOPLIST_FILE = VMTGalleryFrameworkDemoTests/Info.plist;
				LD_RUNPATH_SEARCH_PATHS = (
					"$(inherited)",
					"@executable_path/Frameworks",
					"@loader_path/Frameworks",
				);
				PRODUCT_BUNDLE_IDENTIFIER = com.trinhvm.VMTGalleryFrameworkDemoTests;
				PRODUCT_NAME = "$(TARGET_NAME)";
				SWIFT_VERSION = 5.0;
				TARGETED_DEVICE_FAMILY = "1,2";
				TEST_HOST = "$(BUILT_PRODUCTS_DIR)/VMTGalleryFrameworkDemo.app/VMTGalleryFrameworkDemo";
			};
			name = Debug;
		};
		2F7BECAF231389630005B06C /* Release */ = {
			isa = XCBuildConfiguration;
			buildSettings = {
				ALWAYS_EMBED_SWIFT_STANDARD_LIBRARIES = YES;
				BUNDLE_LOADER = "$(TEST_HOST)";
				CODE_SIGN_STYLE = Automatic;
				DEVELOPMENT_TEAM = 5JS3DMX98X;
				INFOPLIST_FILE = VMTGalleryFrameworkDemoTests/Info.plist;
				LD_RUNPATH_SEARCH_PATHS = (
					"$(inherited)",
					"@executable_path/Frameworks",
					"@loader_path/Frameworks",
				);
				PRODUCT_BUNDLE_IDENTIFIER = com.trinhvm.VMTGalleryFrameworkDemoTests;
				PRODUCT_NAME = "$(TARGET_NAME)";
				SWIFT_VERSION = 5.0;
				TARGETED_DEVICE_FAMILY = "1,2";
				TEST_HOST = "$(BUILT_PRODUCTS_DIR)/VMTGalleryFrameworkDemo.app/VMTGalleryFrameworkDemo";
			};
			name = Release;
		};
		2F7BECB1231389630005B06C /* Debug */ = {
			isa = XCBuildConfiguration;
			buildSettings = {
				ALWAYS_EMBED_SWIFT_STANDARD_LIBRARIES = YES;
				CODE_SIGN_STYLE = Automatic;
				DEVELOPMENT_TEAM = 5JS3DMX98X;
				INFOPLIST_FILE = VMTGalleryFrameworkDemoUITests/Info.plist;
				LD_RUNPATH_SEARCH_PATHS = (
					"$(inherited)",
					"@executable_path/Frameworks",
					"@loader_path/Frameworks",
				);
				PRODUCT_BUNDLE_IDENTIFIER = com.trinhvm.VMTGalleryFrameworkDemoUITests;
				PRODUCT_NAME = "$(TARGET_NAME)";
				SWIFT_VERSION = 5.0;
				TARGETED_DEVICE_FAMILY = "1,2";
				TEST_TARGET_NAME = VMTGalleryFrameworkDemo;
			};
			name = Debug;
		};
		2F7BECB2231389630005B06C /* Release */ = {
			isa = XCBuildConfiguration;
			buildSettings = {
				ALWAYS_EMBED_SWIFT_STANDARD_LIBRARIES = YES;
				CODE_SIGN_STYLE = Automatic;
				DEVELOPMENT_TEAM = 5JS3DMX98X;
				INFOPLIST_FILE = VMTGalleryFrameworkDemoUITests/Info.plist;
				LD_RUNPATH_SEARCH_PATHS = (
					"$(inherited)",
					"@executable_path/Frameworks",
					"@loader_path/Frameworks",
				);
				PRODUCT_BUNDLE_IDENTIFIER = com.trinhvm.VMTGalleryFrameworkDemoUITests;
				PRODUCT_NAME = "$(TARGET_NAME)";
				SWIFT_VERSION = 5.0;
				TARGETED_DEVICE_FAMILY = "1,2";
				TEST_TARGET_NAME = VMTGalleryFrameworkDemo;
			};
			name = Release;
		};
/* End XCBuildConfiguration section */

/* Begin XCConfigurationList section */
		2F7BEC7D231389620005B06C /* Build configuration list for PBXProject "VMTGalleryFrameworkDemo" */ = {
			isa = XCConfigurationList;
			buildConfigurations = (
				2F7BECA8231389630005B06C /* Debug */,
				2F7BECA9231389630005B06C /* Release */,
			);
			defaultConfigurationIsVisible = 0;
			defaultConfigurationName = Release;
		};
		2F7BECAA231389630005B06C /* Build configuration list for PBXNativeTarget "VMTGalleryFrameworkDemo" */ = {
			isa = XCConfigurationList;
			buildConfigurations = (
				2F7BECAB231389630005B06C /* Debug */,
				2F7BECAC231389630005B06C /* Release */,
			);
			defaultConfigurationIsVisible = 0;
			defaultConfigurationName = Release;
		};
		2F7BECAD231389630005B06C /* Build configuration list for PBXNativeTarget "VMTGalleryFrameworkDemoTests" */ = {
			isa = XCConfigurationList;
			buildConfigurations = (
				2F7BECAE231389630005B06C /* Debug */,
				2F7BECAF231389630005B06C /* Release */,
			);
			defaultConfigurationIsVisible = 0;
			defaultConfigurationName = Release;
		};
		2F7BECB0231389630005B06C /* Build configuration list for PBXNativeTarget "VMTGalleryFrameworkDemoUITests" */ = {
			isa = XCConfigurationList;
			buildConfigurations = (
				2F7BECB1231389630005B06C /* Debug */,
				2F7BECB2231389630005B06C /* Release */,
			);
			defaultConfigurationIsVisible = 0;
			defaultConfigurationName = Release;
		};
/* End XCConfigurationList section */
	};
	rootObject = 2F7BEC7A231389620005B06C /* Project object */;
}
